
Microsoft Visual Studio Solution File, Format Version 12.00
# Visual Studio Version 17
VisualStudioVersion = 17.10.35004.147
MinimumVisualStudioVersion = 10.0.40219.1
Project("{FAE04EC0-301F-11D3-BF4B-00C04F79EFBC}") = "digiPot", "digiPot\digiPot.csproj", "{01CFA121-E4B6-4559-AFF0-CF4F6F802869}"
EndProject
Global
	GlobalSection(SolutionConfigurationPlatforms) = preSolution
		Debug|Any CPU = Debug|Any CPU
		Release|Any CPU = Release|Any CPU
	EndGlobalSection
	GlobalSection(ProjectConfigurationPlatforms) = postSolution
		{01CFA121-E4B6-4559-AFF0-CF4F6F802869}.Debug|Any CPU.ActiveCfg = Debug|Any CPU
		{01CFA121-E4B6-4559-AFF0-CF4F6F802869}.Debug|Any CPU.Build.0 = Debug|Any CPU
		{01CFA121-E4B6-4559-AFF0-CF4F6F802869}.Release|Any CPU.ActiveCfg = Release|Any CPU
		{01CFA121-E4B6-4559-AFF0-CF4F6F802869}.Release|Any CPU.Build.0 = Release|Any CPU
	EndGlobalSection
	GlobalSection(SolutionProperties) = preSolution
		HideSolutionNode = FALSE
	EndGlobalSection
	GlobalSection(ExtensibilityGlobals) = postSolution
		SolutionGuid = {DB4FBD4A-120E-45BA-B4FE-F7B2A89E7885}
	EndGlobalSection
EndGlobal
